// !$*UTF8*$!
{
	archiveVersion = 1;
	classes = {
	};
	objectVersion = 46;
	objects = {

/* Begin PBXBuildFile section */
		5D0DE17B1B87966E0030AF64 /* SWViewController.m in Sources */ = {isa = PBXBuildFile; fileRef = 5D0DE17A1B87966E0030AF64 /* SWViewController.m */; };
		5D0DE17D1B8798B30030AF64 /* QuartzCore.framework in Frameworks */ = {isa = PBXBuildFile; fileRef = 5D0DE17C1B8798B30030AF64 /* QuartzCore.framework */; };
		C769A6DB1B878F8600F61421 /* main.m in Sources */ = {isa = PBXBuildFile; fileRef = C769A6DA1B878F8600F61421 /* main.m */; };
		C769A6DE1B878F8600F61421 /* AppDelegate.m in Sources */ = {isa = PBXBuildFile; fileRef = C769A6DD1B878F8600F61421 /* AppDelegate.m */; };
		C769A6E41B878F8600F61421 /* Main.storyboard in Resources */ = {isa = PBXBuildFile; fileRef = C769A6E21B878F8600F61421 /* Main.storyboard */; };
		C769A6E61B878F8600F61421 /* Images.xcassets in Resources */ = {isa = PBXBuildFile; fileRef = C769A6E51B878F8600F61421 /* Images.xcassets */; };
		C769A6E91B878F8600F61421 /* LaunchScreen.xib in Resources */ = {isa = PBXBuildFile; fileRef = C769A6E71B878F8600F61421 /* LaunchScreen.xib */; };
		C769A6F51B878F8600F61421 /* Stopwatch_TimerTests.m in Sources */ = {isa = PBXBuildFile; fileRef = C769A6F41B878F8600F61421 /* Stopwatch_TimerTests.m */; };
		C769A7341B884D5300F61421 /* SWTableViewController.m in Sources */ = {isa = PBXBuildFile; fileRef = C769A7331B884D5300F61421 /* SWTableViewController.m */; };
		C769A7371B88DDAC00F61421 /* SWStopWatchHandler.m in Sources */ = {isa = PBXBuildFile; fileRef = C769A7361B88DDAC00F61421 /* SWStopWatchHandler.m */; };
		C769A73C1B890E0200F61421 /* SWTimerTableViewController.m in Sources */ = {isa = PBXBuildFile; fileRef = C769A73B1B890E0200F61421 /* SWTimerTableViewController.m */; };
		C769A73F1B890E2100F61421 /* SWTimerViewController.m in Sources */ = {isa = PBXBuildFile; fileRef = C769A73E1B890E2100F61421 /* SWTimerViewController.m */; };
		C769A7421B890E4200F61421 /* Timer.m in Sources */ = {isa = PBXBuildFile; fileRef = C769A7411B890E4200F61421 /* Timer.m */; };
/* End PBXBuildFile section */

/* Begin PBXContainerItemProxy section */
		C769A6EF1B878F8600F61421 /* PBXContainerItemProxy */ = {
			isa = PBXContainerItemProxy;
			containerPortal = C769A6CD1B878F8600F61421 /* Project object */;
			proxyType = 1;
			remoteGlobalIDString = C769A6D41B878F8600F61421;
			remoteInfo = Stopwatch_Timer;
		};
/* End PBXContainerItemProxy section */

/* Begin PBXFileReference section */
		5D0DE1791B87966E0030AF64 /* SWViewController.h */ = {isa = PBXFileReference; fileEncoding = 4; lastKnownFileType = sourcecode.c.h; path = SWViewController.h; sourceTree = "<group>"; };
		5D0DE17A1B87966E0030AF64 /* SWViewController.m */ = {isa = PBXFileReference; fileEncoding = 4; lastKnownFileType = sourcecode.c.objc; path = SWViewController.m; sourceTree = "<group>"; };
		5D0DE17C1B8798B30030AF64 /* QuartzCore.framework */ = {isa = PBXFileReference; lastKnownFileType = wrapper.framework; name = QuartzCore.framework; path = System/Library/Frameworks/QuartzCore.framework; sourceTree = SDKROOT; };
		C769A6D51B878F8600F61421 /* Stopwatch_Timer.app */ = {isa = PBXFileReference; explicitFileType = wrapper.application; includeInIndex = 0; path = Stopwatch_Timer.app; sourceTree = BUILT_PRODUCTS_DIR; };
		C769A6D91B878F8600F61421 /* Info.plist */ = {isa = PBXFileReference; lastKnownFileType = text.plist.xml; path = Info.plist; sourceTree = "<group>"; };
		C769A6DA1B878F8600F61421 /* main.m */ = {isa = PBXFileReference; lastKnownFileType = sourcecode.c.objc; path = main.m; sourceTree = "<group>"; };
		C769A6DC1B878F8600F61421 /* AppDelegate.h */ = {isa = PBXFileReference; lastKnownFileType = sourcecode.c.h; path = AppDelegate.h; sourceTree = "<group>"; };
		C769A6DD1B878F8600F61421 /* AppDelegate.m */ = {isa = PBXFileReference; lastKnownFileType = sourcecode.c.objc; path = AppDelegate.m; sourceTree = "<group>"; };
		C769A6E31B878F8600F61421 /* Base */ = {isa = PBXFileReference; lastKnownFileType = file.storyboard; name = Base; path = Base.lproj/Main.storyboard; sourceTree = "<group>"; };
		C769A6E51B878F8600F61421 /* Images.xcassets */ = {isa = PBXFileReference; lastKnownFileType = folder.assetcatalog; path = Images.xcassets; sourceTree = "<group>"; };
		C769A6E81B878F8600F61421 /* Base */ = {isa = PBXFileReference; lastKnownFileType = file.xib; name = Base; path = Base.lproj/LaunchScreen.xib; sourceTree = "<group>"; };
		C769A6EE1B878F8600F61421 /* Stopwatch_TimerTests.xctest */ = {isa = PBXFileReference; explicitFileType = wrapper.cfbundle; includeInIndex = 0; path = Stopwatch_TimerTests.xctest; sourceTree = BUILT_PRODUCTS_DIR; };
		C769A6F31B878F8600F61421 /* Info.plist */ = {isa = PBXFileReference; lastKnownFileType = text.plist.xml; path = Info.plist; sourceTree = "<group>"; };
		C769A6F41B878F8600F61421 /* Stopwatch_TimerTests.m */ = {isa = PBXFileReference; lastKnownFileType = sourcecode.c.objc; path = Stopwatch_TimerTests.m; sourceTree = "<group>"; };
		C769A7321B884D5300F61421 /* SWTableViewController.h */ = {isa = PBXFileReference; fileEncoding = 4; lastKnownFileType = sourcecode.c.h; path = SWTableViewController.h; sourceTree = "<group>"; };
		C769A7331B884D5300F61421 /* SWTableViewController.m */ = {isa = PBXFileReference; fileEncoding = 4; lastKnownFileType = sourcecode.c.objc; path = SWTableViewController.m; sourceTree = "<group>"; };
		C769A7351B88DDAC00F61421 /* SWStopWatchHandler.h */ = {isa = PBXFileReference; fileEncoding = 4; lastKnownFileType = sourcecode.c.h; path = SWStopWatchHandler.h; sourceTree = "<group>"; };
		C769A7361B88DDAC00F61421 /* SWStopWatchHandler.m */ = {isa = PBXFileReference; fileEncoding = 4; lastKnownFileType = sourcecode.c.objc; path = SWStopWatchHandler.m; sourceTree = "<group>"; };
		C769A73A1B890E0200F61421 /* SWTimerTableViewController.h */ = {isa = PBXFileReference; fileEncoding = 4; lastKnownFileType = sourcecode.c.h; path = SWTimerTableViewController.h; sourceTree = "<group>"; };
		C769A73B1B890E0200F61421 /* SWTimerTableViewController.m */ = {isa = PBXFileReference; fileEncoding = 4; lastKnownFileType = sourcecode.c.objc; path = SWTimerTableViewController.m; sourceTree = "<group>"; };
		C769A73D1B890E2100F61421 /* SWTimerViewController.h */ = {isa = PBXFileReference; fileEncoding = 4; lastKnownFileType = sourcecode.c.h; path = SWTimerViewController.h; sourceTree = "<group>"; };
		C769A73E1B890E2100F61421 /* SWTimerViewController.m */ = {isa = PBXFileReference; fileEncoding = 4; lastKnownFileType = sourcecode.c.objc; path = SWTimerViewController.m; sourceTree = "<group>"; };
		C769A7401B890E4200F61421 /* Timer.h */ = {isa = PBXFileReference; fileEncoding = 4; lastKnownFileType = sourcecode.c.h; path = Timer.h; sourceTree = "<group>"; };
		C769A7411B890E4200F61421 /* Timer.m */ = {isa = PBXFileReference; fileEncoding = 4; lastKnownFileType = sourcecode.c.objc; path = Timer.m; sourceTree = "<group>"; };
/* End PBXFileReference section */

/* Begin PBXFrameworksBuildPhase section */
		C769A6D21B878F8600F61421 /* Frameworks */ = {
			isa = PBXFrameworksBuildPhase;
			buildActionMask = 2147483647;
			files = (
				5D0DE17D1B8798B30030AF64 /* QuartzCore.framework in Frameworks */,
			);
			runOnlyForDeploymentPostprocessing = 0;
		};
		C769A6EB1B878F8600F61421 /* Frameworks */ = {
			isa = PBXFrameworksBuildPhase;
			buildActionMask = 2147483647;
			files = (
			);
			runOnlyForDeploymentPostprocessing = 0;
		};
/* End PBXFrameworksBuildPhase section */

/* Begin PBXGroup section */
		C769A6CC1B878F8600F61421 = {
			isa = PBXGroup;
			children = (
				5D0DE17C1B8798B30030AF64 /* QuartzCore.framework */,
				C769A6D71B878F8600F61421 /* Stopwatch_Timer */,
				C769A6F11B878F8600F61421 /* Stopwatch_TimerTests */,
				C769A6D61B878F8600F61421 /* Products */,
			);
			sourceTree = "<group>";
		};
		C769A6D61B878F8600F61421 /* Products */ = {
			isa = PBXGroup;
			children = (
				C769A6D51B878F8600F61421 /* Stopwatch_Timer.app */,
				C769A6EE1B878F8600F61421 /* Stopwatch_TimerTests.xctest */,
			);
			name = Products;
			sourceTree = "<group>";
		};
		C769A6D71B878F8600F61421 /* Stopwatch_Timer */ = {
			isa = PBXGroup;
			children = (
				C769A7391B890D3B00F61421 /* Stopwatch */,
				C769A6DC1B878F8600F61421 /* AppDelegate.h */,
				C769A6DD1B878F8600F61421 /* AppDelegate.m */,
				C769A6E21B878F8600F61421 /* Main.storyboard */,
				C769A7381B890D2D00F61421 /* Timer */,
				C769A6E51B878F8600F61421 /* Images.xcassets */,
				C769A6E71B878F8600F61421 /* LaunchScreen.xib */,
				C769A6D81B878F8600F61421 /* Supporting Files */,
			);
			path = Stopwatch_Timer;
			sourceTree = "<group>";
		};
		C769A6D81B878F8600F61421 /* Supporting Files */ = {
			isa = PBXGroup;
			children = (
				C769A6D91B878F8600F61421 /* Info.plist */,
				C769A6DA1B878F8600F61421 /* main.m */,
			);
			name = "Supporting Files";
			sourceTree = "<group>";
		};
		C769A6F11B878F8600F61421 /* Stopwatch_TimerTests */ = {
			isa = PBXGroup;
			children = (
				C769A6F41B878F8600F61421 /* Stopwatch_TimerTests.m */,
				C769A6F21B878F8600F61421 /* Supporting Files */,
			);
			path = Stopwatch_TimerTests;
			sourceTree = "<group>";
		};
		C769A6F21B878F8600F61421 /* Supporting Files */ = {
			isa = PBXGroup;
			children = (
				C769A6F31B878F8600F61421 /* Info.plist */,
			);
			name = "Supporting Files";
			sourceTree = "<group>";
		};
		C769A7381B890D2D00F61421 /* Timer */ = {
			isa = PBXGroup;
			children = (
				C769A73A1B890E0200F61421 /* SWTimerTableViewController.h */,
				C769A73B1B890E0200F61421 /* SWTimerTableViewController.m */,
				C769A73D1B890E2100F61421 /* SWTimerViewController.h */,
				C769A73E1B890E2100F61421 /* SWTimerViewController.m */,
				C769A7401B890E4200F61421 /* Timer.h */,
				C769A7411B890E4200F61421 /* Timer.m */,
			);
			name = Timer;
			sourceTree = "<group>";
		};
		C769A7391B890D3B00F61421 /* Stopwatch */ = {
			isa = PBXGroup;
			children = (
				5D0DE1791B87966E0030AF64 /* SWViewController.h */,
				5D0DE17A1B87966E0030AF64 /* SWViewController.m */,
				C769A7351B88DDAC00F61421 /* SWStopWatchHandler.h */,
				C769A7361B88DDAC00F61421 /* SWStopWatchHandler.m */,
				C769A7321B884D5300F61421 /* SWTableViewController.h */,
				C769A7331B884D5300F61421 /* SWTableViewController.m */,
			);
			name = Stopwatch;
			path = Stopwatch_Timer;
			sourceTree = SOURCE_ROOT;
		};
/* End PBXGroup section */

/* Begin PBXNativeTarget section */
		C769A6D41B878F8600F61421 /* Stopwatch_Timer */ = {
			isa = PBXNativeTarget;
			buildConfigurationList = C769A6F81B878F8600F61421 /* Build configuration list for PBXNativeTarget "Stopwatch_Timer" */;
			buildPhases = (
				C769A6D11B878F8600F61421 /* Sources */,
				C769A6D21B878F8600F61421 /* Frameworks */,
				C769A6D31B878F8600F61421 /* Resources */,
			);
			buildRules = (
			);
			dependencies = (
			);
			name = Stopwatch_Timer;
			productName = Stopwatch_Timer;
			productReference = C769A6D51B878F8600F61421 /* Stopwatch_Timer.app */;
			productType = "com.apple.product-type.application";
		};
		C769A6ED1B878F8600F61421 /* Stopwatch_TimerTests */ = {
			isa = PBXNativeTarget;
			buildConfigurationList = C769A6FB1B878F8600F61421 /* Build configuration list for PBXNativeTarget "Stopwatch_TimerTests" */;
			buildPhases = (
				C769A6EA1B878F8600F61421 /* Sources */,
				C769A6EB1B878F8600F61421 /* Frameworks */,
				C769A6EC1B878F8600F61421 /* Resources */,
			);
			buildRules = (
			);
			dependencies = (
				C769A6F01B878F8600F61421 /* PBXTargetDependency */,
			);
			name = Stopwatch_TimerTests;
			productName = Stopwatch_TimerTests;
			productReference = C769A6EE1B878F8600F61421 /* Stopwatch_TimerTests.xctest */;
			productType = "com.apple.product-type.bundle.unit-test";
		};
/* End PBXNativeTarget section */

/* Begin PBXProject section */
		C769A6CD1B878F8600F61421 /* Project object */ = {
			isa = PBXProject;
			attributes = {
				LastUpgradeCheck = 0640;
				ORGANIZATIONNAME = "Varindra Hart";
				TargetAttributes = {
					C769A6D41B878F8600F61421 = {
						CreatedOnToolsVersion = 6.4;
					};
					C769A6ED1B878F8600F61421 = {
						CreatedOnToolsVersion = 6.4;
						TestTargetID = C769A6D41B878F8600F61421;
					};
				};
			};
			buildConfigurationList = C769A6D01B878F8600F61421 /* Build configuration list for PBXProject "Stopwatch_Timer" */;
			compatibilityVersion = "Xcode 3.2";
			developmentRegion = English;
			hasScannedForEncodings = 0;
			knownRegions = (
				en,
				Base,
			);
			mainGroup = C769A6CC1B878F8600F61421;
			productRefGroup = C769A6D61B878F8600F61421 /* Products */;
			projectDirPath = "";
			projectRoot = "";
			targets = (
				C769A6D41B878F8600F61421 /* Stopwatch_Timer */,
				C769A6ED1B878F8600F61421 /* Stopwatch_TimerTests */,
			);
		};
/* End PBXProject section */

/* Begin PBXResourcesBuildPhase section */
		C769A6D31B878F8600F61421 /* Resources */ = {
			isa = PBXResourcesBuildPhase;
			buildActionMask = 2147483647;
			files = (
				C769A6E41B878F8600F61421 /* Main.storyboard in Resources */,
				C769A6E91B878F8600F61421 /* LaunchScreen.xib in Resources */,
				C769A6E61B878F8600F61421 /* Images.xcassets in Resources */,
			);
			runOnlyForDeploymentPostprocessing = 0;
		};
		C769A6EC1B878F8600F61421 /* Resources */ = {
			isa = PBXResourcesBuildPhase;
			buildActionMask = 2147483647;
			files = (
			);
			runOnlyForDeploymentPostprocessing = 0;
		};
/* End PBXResourcesBuildPhase section */

/* Begin PBXSourcesBuildPhase section */
		C769A6D11B878F8600F61421 /* Sources */ = {
			isa = PBXSourcesBuildPhase;
			buildActionMask = 2147483647;
			files = (
				5D0DE17B1B87966E0030AF64 /* SWViewController.m in Sources */,
				C769A73C1B890E0200F61421 /* SWTimerTableViewController.m in Sources */,
				C769A6DE1B878F8600F61421 /* AppDelegate.m in Sources */,
				C769A7421B890E4200F61421 /* Timer.m in Sources */,
				C769A7371B88DDAC00F61421 /* SWStopWatchHandler.m in Sources */,
				C769A6DB1B878F8600F61421 /* main.m in Sources */,
				C769A73F1B890E2100F61421 /* SWTimerViewController.m in Sources */,
				C769A7341B884D5300F61421 /* SWTableViewController.m in Sources */,
			);
			runOnlyForDeploymentPostprocessing = 0;
		};
		C769A6EA1B878F8600F61421 /* Sources */ = {
			isa = PBXSourcesBuildPhase;
			buildActionMask = 2147483647;
			files = (
				C769A6F51B878F8600F61421 /* Stopwatch_TimerTests.m in Sources */,
			);
			runOnlyForDeploymentPostprocessing = 0;
		};
/* End PBXSourcesBuildPhase section */

/* Begin PBXTargetDependency section */
		C769A6F01B878F8600F61421 /* PBXTargetDependency */ = {
			isa = PBXTargetDependency;
			target = C769A6D41B878F8600F61421 /* Stopwatch_Timer */;
			targetProxy = C769A6EF1B878F8600F61421 /* PBXContainerItemProxy */;
		};
/* End PBXTargetDependency section */

/* Begin PBXVariantGroup section */
		C769A6E21B878F8600F61421 /* Main.storyboard */ = {
			isa = PBXVariantGroup;
			children = (
				C769A6E31B878F8600F61421 /* Base */,
			);
			name = Main.storyboard;
			sourceTree = "<group>";
		};
		C769A6E71B878F8600F61421 /* LaunchScreen.xib */ = {
			isa = PBXVariantGroup;
			children = (
				C769A6E81B878F8600F61421 /* Base */,
			);
			name = LaunchScreen.xib;
			sourceTree = "<group>";
		};
/* End PBXVariantGroup section */

/* Begin XCBuildConfiguration section */
		C769A6F61B878F8600F61421 /* Debug */ = {
			isa = XCBuildConfiguration;
			buildSettings = {
				ALWAYS_SEARCH_USER_PATHS = NO;
				CLANG_CXX_LANGUAGE_STANDARD = "gnu++0x";
				CLANG_CXX_LIBRARY = "libc++";
				CLANG_ENABLE_MODULES = YES;
				CLANG_ENABLE_OBJC_ARC = YES;
				CLANG_WARN_BOOL_CONVERSION = YES;
				CLANG_WARN_CONSTANT_CONVERSION = YES;
				CLANG_WARN_DIRECT_OBJC_ISA_USAGE = YES_ERROR;
				CLANG_WARN_EMPTY_BODY = YES;
				CLANG_WARN_ENUM_CONVERSION = YES;
				CLANG_WARN_INT_CONVERSION = YES;
				CLANG_WARN_OBJC_ROOT_CLASS = YES_ERROR;
				CLANG_WARN_UNREACHABLE_CODE = YES;
				CLANG_WARN__DUPLICATE_METHOD_MATCH = YES;
				"CODE_SIGN_IDENTITY[sdk=iphoneos*]" = "iPhone Developer";
				COPY_PHASE_STRIP = NO;
				DEBUG_INFORMATION_FORMAT = "dwarf-with-dsym";
				ENABLE_STRICT_OBJC_MSGSEND = YES;
				GCC_C_LANGUAGE_STANDARD = gnu99;
				GCC_DYNAMIC_NO_PIC = NO;
				GCC_NO_COMMON_BLOCKS = YES;
				GCC_OPTIMIZATION_LEVEL = 0;
				GCC_PREPROCESSOR_DEFINITIONS = (
					"DEBUG=1",
					"$(inherited)",
				);
				GCC_SYMBOLS_PRIVATE_EXTERN = NO;
				GCC_WARN_64_TO_32_BIT_CONVERSION = YES;
				GCC_WARN_ABOUT_RETURN_TYPE = YES_ERROR;
				GCC_WARN_UNDECLARED_SELECTOR = YES;
				GCC_WARN_UNINITIALIZED_AUTOS = YES_AGGRESSIVE;
				GCC_WARN_UNUSED_FUNCTION = YES;
				GCC_WARN_UNUSED_VARIABLE = YES;
				IPHONEOS_DEPLOYMENT_TARGET = 8.4;
				MTL_ENABLE_DEBUG_INFO = YES;
				ONLY_ACTIVE_ARCH = YES;
				SDKROOT = iphoneos;
			};
			name = Debug;
		};
		C769A6F71B878F8600F61421 /* Release */ = {
			isa = XCBuildConfiguration;
			buildSettings = {
				ALWAYS_SEARCH_USER_PATHS = NO;
				CLANG_CXX_LANGUAGE_STANDARD = "gnu++0x";
				CLANG_CXX_LIBRARY = "libc++";
				CLANG_ENABLE_MODULES = YES;
				CLANG_ENABLE_OBJC_ARC = YES;
				CLANG_WARN_BOOL_CONVERSION = YES;
				CLANG_WARN_CONSTANT_CONVERSION = YES;
				CLANG_WARN_DIRECT_OBJC_ISA_USAGE = YES_ERROR;
				CLANG_WARN_EMPTY_BODY = YES;
				CLANG_WARN_ENUM_CONVERSION = YES;
				CLANG_WARN_INT_CONVERSION = YES;
				CLANG_WARN_OBJC_ROOT_CLASS = YES_ERROR;
				CLANG_WARN_UNREACHABLE_CODE = YES;
				CLANG_WARN__DUPLICATE_METHOD_MATCH = YES;
				"CODE_SIGN_IDENTITY[sdk=iphoneos*]" = "iPhone Developer";
				COPY_PHASE_STRIP = NO;
				DEBUG_INFORMATION_FORMAT = "dwarf-with-dsym";
				ENABLE_NS_ASSERTIONS = NO;
				ENABLE_STRICT_OBJC_MSGSEND = YES;
				GCC_C_LANGUAGE_STANDARD = gnu99;
				GCC_NO_COMMON_BLOCKS = YES;
				GCC_WARN_64_TO_32_BIT_CONVERSION = YES;
				GCC_WARN_ABOUT_RETURN_TYPE = YES_ERROR;
				GCC_WARN_UNDECLARED_SELECTOR = YES;
				GCC_WARN_UNINITIALIZED_AUTOS = YES_AGGRESSIVE;
				GCC_WARN_UNUSED_FUNCTION = YES;
				GCC_WARN_UNUSED_VARIABLE = YES;
				IPHONEOS_DEPLOYMENT_TARGET = 8.4;
				MTL_ENABLE_DEBUG_INFO = NO;
				SDKROOT = iphoneos;
				VALIDATE_PRODUCT = YES;
			};
			name = Release;
		};
		C769A6F91B878F8600F61421 /* Debug */ = {
			isa = XCBuildConfiguration;
			buildSettings = {
				ASSETCATALOG_COMPILER_APPICON_NAME = AppIcon;
				INFOPLIST_FILE = Stopwatch_Timer/Info.plist;
				LD_RUNPATH_SEARCH_PATHS = "$(inherited) @executable_path/Frameworks";
				PRODUCT_NAME = "$(TARGET_NAME)";
			};
			name = Debug;
		};
		C769A6FA1B878F8600F61421 /* Release */ = {
			isa = XCBuildConfiguration;
			buildSettings = {
				ASSETCATALOG_COMPILER_APPICON_NAME = AppIcon;
				INFOPLIST_FILE = Stopwatch_Timer/Info.plist;
				LD_RUNPATH_SEARCH_PATHS = "$(inherited) @executable_path/Frameworks";
				PRODUCT_NAME = "$(TARGET_NAME)";
			};
			name = Release;
		};
		C769A6FC1B878F8600F61421 /* Debug */ = {
			isa = XCBuildConfiguration;
			buildSettings = {
				BUNDLE_LOADER = "$(TEST_HOST)";
				FRAMEWORK_SEARCH_PATHS = (
					"$(SDKROOT)/Developer/Library/Frameworks",
					"$(inherited)",
				);
				GCC_PREPROCESSOR_DEFINITIONS = (
					"DEBUG=1",
					"$(inherited)",
				);
				INFOPLIST_FILE = Stopwatch_TimerTests/Info.plist;
				LD_RUNPATH_SEARCH_PATHS = "$(inherited) @executable_path/Frameworks @loader_path/Frameworks";
				PRODUCT_NAME = "$(TARGET_NAME)";
				TEST_HOST = "$(BUILT_PRODUCTS_DIR)/Stopwatch_Timer.app/Stopwatch_Timer";
			};
			name = Debug;
		};
		C769A6FD1B878F8600F61421 /* Release */ = {
			isa = XCBuildConfiguration;
			buildSettings = {
				BUNDLE_LOADER = "$(TEST_HOST)";
				FRAMEWORK_SEARCH_PATHS = (
					"$(SDKROOT)/Developer/Library/Frameworks",
					"$(inherited)",
				);
				INFOPLIST_FILE = Stopwatch_TimerTests/Info.plist;
				LD_RUNPATH_SEARCH_PATHS = "$(inherited) @executable_path/Frameworks @loader_path/Frameworks";
				PRODUCT_NAME = "$(TARGET_NAME)";
				TEST_HOST = "$(BUILT_PRODUCTS_DIR)/Stopwatch_Timer.app/Stopwatch_Timer";
			};
			name = Release;
		};
/* End XCBuildConfiguration section */

/* Begin XCConfigurationList section */
		C769A6D01B878F8600F61421 /* Build configuration list for PBXProject "Stopwatch_Timer" */ = {
			isa = XCConfigurationList;
			buildConfigurations = (
				C769A6F61B878F8600F61421 /* Debug */,
				C769A6F71B878F8600F61421 /* Release */,
			);
			defaultConfigurationIsVisible = 0;
			defaultConfigurationName = Release;
		};
		C769A6F81B878F8600F61421 /* Build configuration list for PBXNativeTarget "Stopwatch_Timer" */ = {
			isa = XCConfigurationList;
			buildConfigurations = (
				C769A6F91B878F8600F61421 /* Debug */,
				C769A6FA1B878F8600F61421 /* Release */,
			);
			defaultConfigurationIsVisible = 0;
			defaultConfigurationName = Release;
		};
		C769A6FB1B878F8600F61421 /* Build configuration list for PBXNativeTarget "Stopwatch_TimerTests" */ = {
			isa = XCConfigurationList;
			buildConfigurations = (
				C769A6FC1B878F8600F61421 /* Debug */,
				C769A6FD1B878F8600F61421 /* Release */,
			);
			defaultConfigurationIsVisible = 0;
			defaultConfigurationName = Release;
		};
/* End XCConfigurationList section */
	};
	rootObject = C769A6CD1B878F8600F61421 /* Project object */;
}
